
Microsoft Visual Studio Solution File, Format Version 12.00
# Visual Studio Version 16
VisualStudioVersion = 16.0.32126.315
MinimumVisualStudioVersion = 10.0.40219.1
Project("{FAE04EC0-301F-11D3-BF4B-00C04F79EFBC}") = "gamedev-hw1", "gamedev-hw1\gamedev-hw1.csproj", "{34A183C1-7DEB-4F8B-B145-CBE676A0F120}"
EndProject
Global
	GlobalSection(SolutionConfigurationPlatforms) = preSolution
		Debug|Any CPU = Debug|Any CPU
		Release|Any CPU = Release|Any CPU
	EndGlobalSection
	GlobalSection(ProjectConfigurationPlatforms) = postSolution
		{34A183C1-7DEB-4F8B-B145-CBE676A0F120}.Debug|Any CPU.ActiveCfg = Debug|Any CPU
		{34A183C1-7DEB-4F8B-B145-CBE676A0F120}.Debug|Any CPU.Build.0 = Debug|Any CPU
		{34A183C1-7DEB-4F8B-B145-CBE676A0F120}.Release|Any CPU.ActiveCfg = Release|Any CPU
		{34A183C1-7DEB-4F8B-B145-CBE676A0F120}.Release|Any CPU.Build.0 = Release|Any CPU
	EndGlobalSection
	GlobalSection(SolutionProperties) = preSolution
		HideSolutionNode = FALSE
	EndGlobalSection
	GlobalSection(ExtensibilityGlobals) = postSolution
		SolutionGuid = {9CD179B2-E9F9-47FF-9335-8625A8C25F1C}
	EndGlobalSection
EndGlobal
